
Microsoft Visual Studio Solution File, Format Version 12.00
# Visual Studio 15
VisualStudioVersion = 15.0.28307.779
MinimumVisualStudioVersion = 10.0.40219.1
Project("{FAE04EC0-301F-11D3-BF4B-00C04F79EFBC}") = "Banken", "Banken\Banken.csproj", "{97C50481-702E-43E3-92A6-B03CE5D5B7DE}"
EndProject
Global
	GlobalSection(SolutionConfigurationPlatforms) = preSolution
		Debug|Any CPU = Debug|Any CPU
		Release|Any CPU = Release|Any CPU
	EndGlobalSection
	GlobalSection(ProjectConfigurationPlatforms) = postSolution
		{97C50481-702E-43E3-92A6-B03CE5D5B7DE}.Debug|Any CPU.ActiveCfg = Debug|Any CPU
		{97C50481-702E-43E3-92A6-B03CE5D5B7DE}.Debug|Any CPU.Build.0 = Debug|Any CPU
		{97C50481-702E-43E3-92A6-B03CE5D5B7DE}.Release|Any CPU.ActiveCfg = Release|Any CPU
		{97C50481-702E-43E3-92A6-B03CE5D5B7DE}.Release|Any CPU.Build.0 = Release|Any CPU
	EndGlobalSection
	GlobalSection(SolutionProperties) = preSolution
		HideSolutionNode = FALSE
	EndGlobalSection
	GlobalSection(ExtensibilityGlobals) = postSolution
		SolutionGuid = {1B462E5E-4CB1-4A56-BF81-CCA6B426A04A}
	EndGlobalSection
EndGlobal
